// !$*UTF8*$!
{
	archiveVersion = 1;
	classes = {
	};
	objectVersion = 55;
	objects = {

/* Begin PBXBuildFile section */
		722316492886C87B005BC004 /* AppDelegate.swift in Sources */ = {isa = PBXBuildFile; fileRef = 722316482886C87B005BC004 /* AppDelegate.swift */; };
		7223164B2886C87B005BC004 /* SceneDelegate.swift in Sources */ = {isa = PBXBuildFile; fileRef = 7223164A2886C87B005BC004 /* SceneDelegate.swift */; };
		7223164D2886C87B005BC004 /* NotesListViewController.swift in Sources */ = {isa = PBXBuildFile; fileRef = 7223164C2886C87B005BC004 /* NotesListViewController.swift */; };
		722316502886C87B005BC004 /* Main.storyboard in Resources */ = {isa = PBXBuildFile; fileRef = 7223164E2886C87B005BC004 /* Main.storyboard */; };
		722316532886C87B005BC004 /* Notes_CoreData.xcdatamodeld in Sources */ = {isa = PBXBuildFile; fileRef = 722316512886C87B005BC004 /* Notes_CoreData.xcdatamodeld */; };
		722316552886C87D005BC004 /* Assets.xcassets in Resources */ = {isa = PBXBuildFile; fileRef = 722316542886C87D005BC004 /* Assets.xcassets */; };
		722316582886C87D005BC004 /* LaunchScreen.storyboard in Resources */ = {isa = PBXBuildFile; fileRef = 722316562886C87D005BC004 /* LaunchScreen.storyboard */; };
		722316602886CB9F005BC004 /* Model.swift in Sources */ = {isa = PBXBuildFile; fileRef = 7223165F2886CB9E005BC004 /* Model.swift */; };
		722316622886D641005BC004 /* Date.swift in Sources */ = {isa = PBXBuildFile; fileRef = 722316612886D641005BC004 /* Date.swift */; };
		722316652886D9A4005BC004 /* NotesListViewController+DataSource.swift in Sources */ = {isa = PBXBuildFile; fileRef = 722316642886D9A4005BC004 /* NotesListViewController+DataSource.swift */; };
		722316692886DCEC005BC004 /* FavoriteButton.swift in Sources */ = {isa = PBXBuildFile; fileRef = 722316682886DCEC005BC004 /* FavoriteButton.swift */; };
		726C6A82288836EA007317EC /* NoteListViewController+Section.swift in Sources */ = {isa = PBXBuildFile; fileRef = 726C6A81288836EA007317EC /* NoteListViewController+Section.swift */; };
/* End PBXBuildFile section */

/* Begin PBXFileReference section */
		722316452886C87B005BC004 /* Notes_CoreData.app */ = {isa = PBXFileReference; explicitFileType = wrapper.application; includeInIndex = 0; path = Notes_CoreData.app; sourceTree = BUILT_PRODUCTS_DIR; };
		722316482886C87B005BC004 /* AppDelegate.swift */ = {isa = PBXFileReference; lastKnownFileType = sourcecode.swift; path = AppDelegate.swift; sourceTree = "<group>"; };
		7223164A2886C87B005BC004 /* SceneDelegate.swift */ = {isa = PBXFileReference; lastKnownFileType = sourcecode.swift; path = SceneDelegate.swift; sourceTree = "<group>"; };
		7223164C2886C87B005BC004 /* NotesListViewController.swift */ = {isa = PBXFileReference; lastKnownFileType = sourcecode.swift; path = NotesListViewController.swift; sourceTree = "<group>"; };
		7223164F2886C87B005BC004 /* Base */ = {isa = PBXFileReference; lastKnownFileType = file.storyboard; name = Base; path = Base.lproj/Main.storyboard; sourceTree = "<group>"; };
		722316522886C87B005BC004 /* Notes_CoreData.xcdatamodel */ = {isa = PBXFileReference; lastKnownFileType = wrapper.xcdatamodel; path = Notes_CoreData.xcdatamodel; sourceTree = "<group>"; };
		722316542886C87D005BC004 /* Assets.xcassets */ = {isa = PBXFileReference; lastKnownFileType = folder.assetcatalog; path = Assets.xcassets; sourceTree = "<group>"; };
		722316572886C87D005BC004 /* Base */ = {isa = PBXFileReference; lastKnownFileType = file.storyboard; name = Base; path = Base.lproj/LaunchScreen.storyboard; sourceTree = "<group>"; };
		722316592886C87D005BC004 /* Info.plist */ = {isa = PBXFileReference; lastKnownFileType = text.plist.xml; path = Info.plist; sourceTree = "<group>"; };
		7223165F2886CB9E005BC004 /* Model.swift */ = {isa = PBXFileReference; lastKnownFileType = sourcecode.swift; path = Model.swift; sourceTree = "<group>"; };
		722316612886D641005BC004 /* Date.swift */ = {isa = PBXFileReference; lastKnownFileType = sourcecode.swift; path = Date.swift; sourceTree = "<group>"; };
		722316642886D9A4005BC004 /* NotesListViewController+DataSource.swift */ = {isa = PBXFileReference; lastKnownFileType = sourcecode.swift; path = "NotesListViewController+DataSource.swift"; sourceTree = "<group>"; };
		722316682886DCEC005BC004 /* FavoriteButton.swift */ = {isa = PBXFileReference; lastKnownFileType = sourcecode.swift; path = FavoriteButton.swift; sourceTree = "<group>"; };
		726C6A81288836EA007317EC /* NoteListViewController+Section.swift */ = {isa = PBXFileReference; lastKnownFileType = sourcecode.swift; path = "NoteListViewController+Section.swift"; sourceTree = "<group>"; };
/* End PBXFileReference section */

/* Begin PBXFrameworksBuildPhase section */
		722316422886C87B005BC004 /* Frameworks */ = {
			isa = PBXFrameworksBuildPhase;
			buildActionMask = 2147483647;
			files = (
			);
			runOnlyForDeploymentPostprocessing = 0;
		};
/* End PBXFrameworksBuildPhase section */

/* Begin PBXGroup section */
		7223163C2886C87B005BC004 = {
			isa = PBXGroup;
			children = (
				722316472886C87B005BC004 /* Notes_CoreData */,
				722316462886C87B005BC004 /* Products */,
			);
			sourceTree = "<group>";
		};
		722316462886C87B005BC004 /* Products */ = {
			isa = PBXGroup;
			children = (
				722316452886C87B005BC004 /* Notes_CoreData.app */,
			);
			name = Products;
			sourceTree = "<group>";
		};
		722316472886C87B005BC004 /* Notes_CoreData */ = {
			isa = PBXGroup;
			children = (
				722316482886C87B005BC004 /* AppDelegate.swift */,
				7223164A2886C87B005BC004 /* SceneDelegate.swift */,
				722316632886D972005BC004 /* NotesListViewController */,
				722316672886DB2A005BC004 /* Model */,
				7223164E2886C87B005BC004 /* Main.storyboard */,
				722316542886C87D005BC004 /* Assets.xcassets */,
				722316562886C87D005BC004 /* LaunchScreen.storyboard */,
				722316592886C87D005BC004 /* Info.plist */,
				722316512886C87B005BC004 /* Notes_CoreData.xcdatamodeld */,
			);
			path = Notes_CoreData;
			sourceTree = "<group>";
		};
		722316632886D972005BC004 /* NotesListViewController */ = {
			isa = PBXGroup;
			children = (
				7223164C2886C87B005BC004 /* NotesListViewController.swift */,
				722316642886D9A4005BC004 /* NotesListViewController+DataSource.swift */,
				722316682886DCEC005BC004 /* FavoriteButton.swift */,
				726C6A81288836EA007317EC /* NoteListViewController+Section.swift */,
			);
			path = NotesListViewController;
			sourceTree = "<group>";
		};
		722316672886DB2A005BC004 /* Model */ = {
			isa = PBXGroup;
			children = (
				722316612886D641005BC004 /* Date.swift */,
				7223165F2886CB9E005BC004 /* Model.swift */,
			);
			path = Model;
			sourceTree = "<group>";
		};
/* End PBXGroup section */

/* Begin PBXNativeTarget section */
		722316442886C87B005BC004 /* Notes_CoreData */ = {
			isa = PBXNativeTarget;
			buildConfigurationList = 7223165C2886C87D005BC004 /* Build configuration list for PBXNativeTarget "Notes_CoreData" */;
			buildPhases = (
				722316412886C87B005BC004 /* Sources */,
				722316422886C87B005BC004 /* Frameworks */,
				722316432886C87B005BC004 /* Resources */,
			);
			buildRules = (
			);
			dependencies = (
			);
			name = Notes_CoreData;
			productName = Notes_CoreData;
			productReference = 722316452886C87B005BC004 /* Notes_CoreData.app */;
			productType = "com.apple.product-type.application";
		};
/* End PBXNativeTarget section */

/* Begin PBXProject section */
		7223163D2886C87B005BC004 /* Project object */ = {
			isa = PBXProject;
			attributes = {
				BuildIndependentTargetsInParallel = 1;
				LastSwiftUpdateCheck = 1340;
				LastUpgradeCheck = 1340;
				TargetAttributes = {
					722316442886C87B005BC004 = {
						CreatedOnToolsVersion = 13.4.1;
					};
				};
			};
			buildConfigurationList = 722316402886C87B005BC004 /* Build configuration list for PBXProject "Notes_CoreData" */;
			compatibilityVersion = "Xcode 13.0";
			developmentRegion = en;
			hasScannedForEncodings = 0;
			knownRegions = (
				en,
				Base,
			);
			mainGroup = 7223163C2886C87B005BC004;
			productRefGroup = 722316462886C87B005BC004 /* Products */;
			projectDirPath = "";
			projectRoot = "";
			targets = (
				722316442886C87B005BC004 /* Notes_CoreData */,
			);
		};
/* End PBXProject section */

/* Begin PBXResourcesBuildPhase section */
		722316432886C87B005BC004 /* Resources */ = {
			isa = PBXResourcesBuildPhase;
			buildActionMask = 2147483647;
			files = (
				722316582886C87D005BC004 /* LaunchScreen.storyboard in Resources */,
				722316552886C87D005BC004 /* Assets.xcassets in Resources */,
				722316502886C87B005BC004 /* Main.storyboard in Resources */,
			);
			runOnlyForDeploymentPostprocessing = 0;
		};
/* End PBXResourcesBuildPhase section */

/* Begin PBXSourcesBuildPhase section */
		722316412886C87B005BC004 /* Sources */ = {
			isa = PBXSourcesBuildPhase;
			buildActionMask = 2147483647;
			files = (
				722316602886CB9F005BC004 /* Model.swift in Sources */,
				722316622886D641005BC004 /* Date.swift in Sources */,
				7223164D2886C87B005BC004 /* NotesListViewController.swift in Sources */,
				722316652886D9A4005BC004 /* NotesListViewController+DataSource.swift in Sources */,
				722316492886C87B005BC004 /* AppDelegate.swift in Sources */,
				722316532886C87B005BC004 /* Notes_CoreData.xcdatamodeld in Sources */,
				7223164B2886C87B005BC004 /* SceneDelegate.swift in Sources */,
				722316692886DCEC005BC004 /* FavoriteButton.swift in Sources */,
				726C6A82288836EA007317EC /* NoteListViewController+Section.swift in Sources */,
			);
			runOnlyForDeploymentPostprocessing = 0;
		};
/* End PBXSourcesBuildPhase section */

/* Begin PBXVariantGroup section */
		7223164E2886C87B005BC004 /* Main.storyboard */ = {
			isa = PBXVariantGroup;
			children = (
				7223164F2886C87B005BC004 /* Base */,
			);
			name = Main.storyboard;
			sourceTree = "<group>";
		};
		722316562886C87D005BC004 /* LaunchScreen.storyboard */ = {
			isa = PBXVariantGroup;
			children = (
				722316572886C87D005BC004 /* Base */,
			);
			name = LaunchScreen.storyboard;
			sourceTree = "<group>";
		};
/* End PBXVariantGroup section */

/* Begin XCBuildConfiguration section */
		7223165A2886C87D005BC004 /* Debug */ = {
			isa = XCBuildConfiguration;
			buildSettings = {
				ALWAYS_SEARCH_USER_PATHS = NO;
				CLANG_ANALYZER_NONNULL = YES;
				CLANG_ANALYZER_NUMBER_OBJECT_CONVERSION = YES_AGGRESSIVE;
				CLANG_CXX_LANGUAGE_STANDARD = "gnu++17";
				CLANG_ENABLE_MODULES = YES;
				CLANG_ENABLE_OBJC_ARC = YES;
				CLANG_ENABLE_OBJC_WEAK = YES;
				CLANG_WARN_BLOCK_CAPTURE_AUTORELEASING = YES;
				CLANG_WARN_BOOL_CONVERSION = YES;
				CLANG_WARN_COMMA = YES;
				CLANG_WARN_CONSTANT_CONVERSION = YES;
				CLANG_WARN_DEPRECATED_OBJC_IMPLEMENTATIONS = YES;
				CLANG_WARN_DIRECT_OBJC_ISA_USAGE = YES_ERROR;
				CLANG_WARN_DOCUMENTATION_COMMENTS = YES;
				CLANG_WARN_EMPTY_BODY = YES;
				CLANG_WARN_ENUM_CONVERSION = YES;
				CLANG_WARN_INFINITE_RECURSION = YES;
				CLANG_WARN_INT_CONVERSION = YES;
				CLANG_WARN_NON_LITERAL_NULL_CONVERSION = YES;
				CLANG_WARN_OBJC_IMPLICIT_RETAIN_SELF = YES;
				CLANG_WARN_OBJC_LITERAL_CONVERSION = YES;
				CLANG_WARN_OBJC_ROOT_CLASS = YES_ERROR;
				CLANG_WARN_QUOTED_INCLUDE_IN_FRAMEWORK_HEADER = YES;
				CLANG_WARN_RANGE_LOOP_ANALYSIS = YES;
				CLANG_WARN_STRICT_PROTOTYPES = YES;
				CLANG_WARN_SUSPICIOUS_MOVE = YES;
				CLANG_WARN_UNGUARDED_AVAILABILITY = YES_AGGRESSIVE;
				CLANG_WARN_UNREACHABLE_CODE = YES;
				CLANG_WARN__DUPLICATE_METHOD_MATCH = YES;
				COPY_PHASE_STRIP = NO;
				DEBUG_INFORMATION_FORMAT = dwarf;
				ENABLE_STRICT_OBJC_MSGSEND = YES;
				ENABLE_TESTABILITY = YES;
				GCC_C_LANGUAGE_STANDARD = gnu11;
				GCC_DYNAMIC_NO_PIC = NO;
				GCC_NO_COMMON_BLOCKS = YES;
				GCC_OPTIMIZATION_LEVEL = 0;
				GCC_PREPROCESSOR_DEFINITIONS = (
					"DEBUG=1",
					"$(inherited)",
				);
				GCC_WARN_64_TO_32_BIT_CONVERSION = YES;
				GCC_WARN_ABOUT_RETURN_TYPE = YES_ERROR;
				GCC_WARN_UNDECLARED_SELECTOR = YES;
				GCC_WARN_UNINITIALIZED_AUTOS = YES_AGGRESSIVE;
				GCC_WARN_UNUSED_FUNCTION = YES;
				GCC_WARN_UNUSED_VARIABLE = YES;
				IPHONEOS_DEPLOYMENT_TARGET = 15.5;
				MTL_ENABLE_DEBUG_INFO = INCLUDE_SOURCE;
				MTL_FAST_MATH = YES;
				ONLY_ACTIVE_ARCH = YES;
				SDKROOT = iphoneos;
				SWIFT_ACTIVE_COMPILATION_CONDITIONS = DEBUG;
				SWIFT_OPTIMIZATION_LEVEL = "-Onone";
			};
			name = Debug;
		};
		7223165B2886C87D005BC004 /* Release */ = {
			isa = XCBuildConfiguration;
			buildSettings = {
				ALWAYS_SEARCH_USER_PATHS = NO;
				CLANG_ANALYZER_NONNULL = YES;
				CLANG_ANALYZER_NUMBER_OBJECT_CONVERSION = YES_AGGRESSIVE;
				CLANG_CXX_LANGUAGE_STANDARD = "gnu++17";
				CLANG_ENABLE_MODULES = YES;
				CLANG_ENABLE_OBJC_ARC = YES;
				CLANG_ENABLE_OBJC_WEAK = YES;
				CLANG_WARN_BLOCK_CAPTURE_AUTORELEASING = YES;
				CLANG_WARN_BOOL_CONVERSION = YES;
				CLANG_WARN_COMMA = YES;
				CLANG_WARN_CONSTANT_CONVERSION = YES;
				CLANG_WARN_DEPRECATED_OBJC_IMPLEMENTATIONS = YES;
				CLANG_WARN_DIRECT_OBJC_ISA_USAGE = YES_ERROR;
				CLANG_WARN_DOCUMENTATION_COMMENTS = YES;
				CLANG_WARN_EMPTY_BODY = YES;
				CLANG_WARN_ENUM_CONVERSION = YES;
				CLANG_WARN_INFINITE_RECURSION = YES;
				CLANG_WARN_INT_CONVERSION = YES;
				CLANG_WARN_NON_LITERAL_NULL_CONVERSION = YES;
				CLANG_WARN_OBJC_IMPLICIT_RETAIN_SELF = YES;
				CLANG_WARN_OBJC_LITERAL_CONVERSION = YES;
				CLANG_WARN_OBJC_ROOT_CLASS = YES_ERROR;
				CLANG_WARN_QUOTED_INCLUDE_IN_FRAMEWORK_HEADER = YES;
				CLANG_WARN_RANGE_LOOP_ANALYSIS = YES;
				CLANG_WARN_STRICT_PROTOTYPES = YES;
				CLANG_WARN_SUSPICIOUS_MOVE = YES;
				CLANG_WARN_UNGUARDED_AVAILABILITY = YES_AGGRESSIVE;
				CLANG_WARN_UNREACHABLE_CODE = YES;
				CLANG_WARN__DUPLICATE_METHOD_MATCH = YES;
				COPY_PHASE_STRIP = NO;
				DEBUG_INFORMATION_FORMAT = "dwarf-with-dsym";
				ENABLE_NS_ASSERTIONS = NO;
				ENABLE_STRICT_OBJC_MSGSEND = YES;
				GCC_C_LANGUAGE_STANDARD = gnu11;
				GCC_NO_COMMON_BLOCKS = YES;
				GCC_WARN_64_TO_32_BIT_CONVERSION = YES;
				GCC_WARN_ABOUT_RETURN_TYPE = YES_ERROR;
				GCC_WARN_UNDECLARED_SELECTOR = YES;
				GCC_WARN_UNINITIALIZED_AUTOS = YES_AGGRESSIVE;
				GCC_WARN_UNUSED_FUNCTION = YES;
				GCC_WARN_UNUSED_VARIABLE = YES;
				IPHONEOS_DEPLOYMENT_TARGET = 15.5;
				MTL_ENABLE_DEBUG_INFO = NO;
				MTL_FAST_MATH = YES;
				SDKROOT = iphoneos;
				SWIFT_COMPILATION_MODE = wholemodule;
				SWIFT_OPTIMIZATION_LEVEL = "-O";
				VALIDATE_PRODUCT = YES;
			};
			name = Release;
		};
		7223165D2886C87D005BC004 /* Debug */ = {
			isa = XCBuildConfiguration;
			buildSettings = {
				ASSETCATALOG_COMPILER_APPICON_NAME = AppIcon;
				ASSETCATALOG_COMPILER_GLOBAL_ACCENT_COLOR_NAME = AccentColor;
				CODE_SIGN_STYLE = Automatic;
				CURRENT_PROJECT_VERSION = 1;
				DEVELOPMENT_TEAM = U57U8F8A4N;
				GENERATE_INFOPLIST_FILE = YES;
				INFOPLIST_FILE = Notes_CoreData/Info.plist;
				INFOPLIST_KEY_UIApplicationSupportsIndirectInputEvents = YES;
				INFOPLIST_KEY_UILaunchStoryboardName = LaunchScreen;
				INFOPLIST_KEY_UIMainStoryboardFile = Main;
				INFOPLIST_KEY_UISupportedInterfaceOrientations_iPad = "UIInterfaceOrientationPortrait UIInterfaceOrientationPortraitUpsideDown UIInterfaceOrientationLandscapeLeft UIInterfaceOrientationLandscapeRight";
				INFOPLIST_KEY_UISupportedInterfaceOrientations_iPhone = "UIInterfaceOrientationPortrait UIInterfaceOrientationLandscapeLeft UIInterfaceOrientationLandscapeRight";
				LD_RUNPATH_SEARCH_PATHS = (
					"$(inherited)",
					"@executable_path/Frameworks",
				);
				MARKETING_VERSION = 1.0;
				PRODUCT_BUNDLE_IDENTIFIER = "com.gmail.smabdirov99.Notes-CoreData";
				PRODUCT_NAME = "$(TARGET_NAME)";
				SWIFT_EMIT_LOC_STRINGS = YES;
				SWIFT_VERSION = 5.0;
				TARGETED_DEVICE_FAMILY = "1,2";
			};
			name = Debug;
		};
		7223165E2886C87D005BC004 /* Release */ = {
			isa = XCBuildConfiguration;
			buildSettings = {
				ASSETCATALOG_COMPILER_APPICON_NAME = AppIcon;
				ASSETCATALOG_COMPILER_GLOBAL_ACCENT_COLOR_NAME = AccentColor;
				CODE_SIGN_STYLE = Automatic;
				CURRENT_PROJECT_VERSION = 1;
				DEVELOPMENT_TEAM = U57U8F8A4N;
				GENERATE_INFOPLIST_FILE = YES;
				INFOPLIST_FILE = Notes_CoreData/Info.plist;
				INFOPLIST_KEY_UIApplicationSupportsIndirectInputEvents = YES;
				INFOPLIST_KEY_UILaunchStoryboardName = LaunchScreen;
				INFOPLIST_KEY_UIMainStoryboardFile = Main;
				INFOPLIST_KEY_UISupportedInterfaceOrientations_iPad = "UIInterfaceOrientationPortrait UIInterfaceOrientationPortraitUpsideDown UIInterfaceOrientationLandscapeLeft UIInterfaceOrientationLandscapeRight";
				INFOPLIST_KEY_UISupportedInterfaceOrientations_iPhone = "UIInterfaceOrientationPortrait UIInterfaceOrientationLandscapeLeft UIInterfaceOrientationLandscapeRight";
				LD_RUNPATH_SEARCH_PATHS = (
					"$(inherited)",
					"@executable_path/Frameworks",
				);
				MARKETING_VERSION = 1.0;
				PRODUCT_BUNDLE_IDENTIFIER = "com.gmail.smabdirov99.Notes-CoreData";
				PRODUCT_NAME = "$(TARGET_NAME)";
				SWIFT_EMIT_LOC_STRINGS = YES;
				SWIFT_VERSION = 5.0;
				TARGETED_DEVICE_FAMILY = "1,2";
			};
			name = Release;
		};
/* End XCBuildConfiguration section */

/* Begin XCConfigurationList section */
		722316402886C87B005BC004 /* Build configuration list for PBXProject "Notes_CoreData" */ = {
			isa = XCConfigurationList;
			buildConfigurations = (
				7223165A2886C87D005BC004 /* Debug */,
				7223165B2886C87D005BC004 /* Release */,
			);
			defaultConfigurationIsVisible = 0;
			defaultConfigurationName = Release;
		};
		7223165C2886C87D005BC004 /* Build configuration list for PBXNativeTarget "Notes_CoreData" */ = {
			isa = XCConfigurationList;
			buildConfigurations = (
				7223165D2886C87D005BC004 /* Debug */,
				7223165E2886C87D005BC004 /* Release */,
			);
			defaultConfigurationIsVisible = 0;
			defaultConfigurationName = Release;
		};
/* End XCConfigurationList section */

/* Begin XCVersionGroup section */
		722316512886C87B005BC004 /* Notes_CoreData.xcdatamodeld */ = {
			isa = XCVersionGroup;
			children = (
				722316522886C87B005BC004 /* Notes_CoreData.xcdatamodel */,
			);
			currentVersion = 722316522886C87B005BC004 /* Notes_CoreData.xcdatamodel */;
			path = Notes_CoreData.xcdatamodeld;
			sourceTree = "<group>";
			versionGroupType = wrapper.xcdatamodel;
		};
/* End XCVersionGroup section */
	};
	rootObject = 7223163D2886C87B005BC004 /* Project object */;
}
